// !$*UTF8*$!
{
	archiveVersion = 1;
	classes = {
	};
	objectVersion = 48;
	objects = {

/* Begin PBXBuildFile section */
		574C67F5C5636D0AB2D87DC6 /* Pods_Weather.framework in Frameworks */ = {isa = PBXBuildFile; fileRef = 1E6C70AB867679606302430F /* Pods_Weather.framework */; };
		FA0415411F838F850066211F /* APIResponseWindInfosValue.swift in Sources */ = {isa = PBXBuildFile; fileRef = FA0415401F838F850066211F /* APIResponseWindInfosValue.swift */; };
		FA0415431F8390220066211F /* APIResponseCloudsInfoValue.swift in Sources */ = {isa = PBXBuildFile; fileRef = FA0415421F8390220066211F /* APIResponseCloudsInfoValue.swift */; };
		FA0415451F8391CF0066211F /* APIResponseSystemInfoValue.swift in Sources */ = {isa = PBXBuildFile; fileRef = FA0415441F8391CF0066211F /* APIResponseSystemInfoValue.swift */; };
		FA0415471F8394FD0066211F /* APIResponseSnowInfosValue.swift in Sources */ = {isa = PBXBuildFile; fileRef = FA0415461F8394FD0066211F /* APIResponseSnowInfosValue.swift */; };
		FA0415491F83951A0066211F /* APIResponseRainInfosValue.swift in Sources */ = {isa = PBXBuildFile; fileRef = FA0415481F83951A0066211F /* APIResponseRainInfosValue.swift */; };
		FA18788E1F822518009876B5 /* APIResponseCoordinatesValue.swift in Sources */ = {isa = PBXBuildFile; fileRef = FA18788D1F822518009876B5 /* APIResponseCoordinatesValue.swift */; };
		FA1878901F8225EC009876B5 /* APIResponseWeatherValue.swift in Sources */ = {isa = PBXBuildFile; fileRef = FA18788F1F8225EC009876B5 /* APIResponseWeatherValue.swift */; };
		FA1878921F822778009876B5 /* APIResponseWeather.swift in Sources */ = {isa = PBXBuildFile; fileRef = FA1878911F822778009876B5 /* APIResponseWeather.swift */; };
		FA1878941F8227D8009876B5 /* APIResponseWeatherInfosValue.swift in Sources */ = {isa = PBXBuildFile; fileRef = FA1878931F8227D8009876B5 /* APIResponseWeatherInfosValue.swift */; };
		FA1878971F822BCB009876B5 /* Converter.swift in Sources */ = {isa = PBXBuildFile; fileRef = FA1878961F822BCB009876B5 /* Converter.swift */; };
		FA6552A11F7BE39D00C78F1B /* AppDelegate.swift in Sources */ = {isa = PBXBuildFile; fileRef = FA6552A01F7BE39D00C78F1B /* AppDelegate.swift */; };
		FA6552A31F7BE39D00C78F1B /* ViewController.swift in Sources */ = {isa = PBXBuildFile; fileRef = FA6552A21F7BE39D00C78F1B /* ViewController.swift */; };
		FA6552A61F7BE39D00C78F1B /* Main.storyboard in Resources */ = {isa = PBXBuildFile; fileRef = FA6552A41F7BE39D00C78F1B /* Main.storyboard */; };
		FA6552A81F7BE39D00C78F1B /* Assets.xcassets in Resources */ = {isa = PBXBuildFile; fileRef = FA6552A71F7BE39D00C78F1B /* Assets.xcassets */; };
		FA6552AB1F7BE39D00C78F1B /* LaunchScreen.storyboard in Resources */ = {isa = PBXBuildFile; fileRef = FA6552A91F7BE39D00C78F1B /* LaunchScreen.storyboard */; };
		FA6552B41F7BE5AD00C78F1B /* CityViewModel.swift in Sources */ = {isa = PBXBuildFile; fileRef = FA6552B31F7BE5AD00C78F1B /* CityViewModel.swift */; };
		FA6552B71F7BED1200C78F1B /* Constant.swift in Sources */ = {isa = PBXBuildFile; fileRef = FA6552B61F7BED1200C78F1B /* Constant.swift */; };
		FA6DBDA91F7C1CED007FAD19 /* RestApiBase.swift in Sources */ = {isa = PBXBuildFile; fileRef = FA6DBDA81F7C1CED007FAD19 /* RestApiBase.swift */; };
		FA6DBDAB1F7C1CFC007FAD19 /* OpenWeatherApiCommunication.swift in Sources */ = {isa = PBXBuildFile; fileRef = FA6DBDAA1F7C1CFC007FAD19 /* OpenWeatherApiCommunication.swift */; };
/* End PBXBuildFile section */

/* Begin PBXFileReference section */
		1E6C70AB867679606302430F /* Pods_Weather.framework */ = {isa = PBXFileReference; explicitFileType = wrapper.framework; includeInIndex = 0; path = Pods_Weather.framework; sourceTree = BUILT_PRODUCTS_DIR; };
		E3A22C3F315582B8240E483F /* Pods-Weather.debug.xcconfig */ = {isa = PBXFileReference; includeInIndex = 1; lastKnownFileType = text.xcconfig; name = "Pods-Weather.debug.xcconfig"; path = "Pods/Target Support Files/Pods-Weather/Pods-Weather.debug.xcconfig"; sourceTree = "<group>"; };
		E478F74BD2CDFA611B753416 /* Pods-Weather.release.xcconfig */ = {isa = PBXFileReference; includeInIndex = 1; lastKnownFileType = text.xcconfig; name = "Pods-Weather.release.xcconfig"; path = "Pods/Target Support Files/Pods-Weather/Pods-Weather.release.xcconfig"; sourceTree = "<group>"; };
		FA0415401F838F850066211F /* APIResponseWindInfosValue.swift */ = {isa = PBXFileReference; lastKnownFileType = sourcecode.swift; path = APIResponseWindInfosValue.swift; sourceTree = "<group>"; };
		FA0415421F8390220066211F /* APIResponseCloudsInfoValue.swift */ = {isa = PBXFileReference; lastKnownFileType = sourcecode.swift; path = APIResponseCloudsInfoValue.swift; sourceTree = "<group>"; };
		FA0415441F8391CF0066211F /* APIResponseSystemInfoValue.swift */ = {isa = PBXFileReference; lastKnownFileType = sourcecode.swift; path = APIResponseSystemInfoValue.swift; sourceTree = "<group>"; };
		FA0415461F8394FD0066211F /* APIResponseSnowInfosValue.swift */ = {isa = PBXFileReference; lastKnownFileType = sourcecode.swift; path = APIResponseSnowInfosValue.swift; sourceTree = "<group>"; };
		FA0415481F83951A0066211F /* APIResponseRainInfosValue.swift */ = {isa = PBXFileReference; lastKnownFileType = sourcecode.swift; path = APIResponseRainInfosValue.swift; sourceTree = "<group>"; };
		FA18788D1F822518009876B5 /* APIResponseCoordinatesValue.swift */ = {isa = PBXFileReference; lastKnownFileType = sourcecode.swift; path = APIResponseCoordinatesValue.swift; sourceTree = "<group>"; };
		FA18788F1F8225EC009876B5 /* APIResponseWeatherValue.swift */ = {isa = PBXFileReference; lastKnownFileType = sourcecode.swift; path = APIResponseWeatherValue.swift; sourceTree = "<group>"; };
		FA1878911F822778009876B5 /* APIResponseWeather.swift */ = {isa = PBXFileReference; lastKnownFileType = sourcecode.swift; path = APIResponseWeather.swift; sourceTree = "<group>"; };
		FA1878931F8227D8009876B5 /* APIResponseWeatherInfosValue.swift */ = {isa = PBXFileReference; lastKnownFileType = sourcecode.swift; path = APIResponseWeatherInfosValue.swift; sourceTree = "<group>"; };
		FA1878961F822BCB009876B5 /* Converter.swift */ = {isa = PBXFileReference; lastKnownFileType = sourcecode.swift; path = Converter.swift; sourceTree = "<group>"; };
		FA65529D1F7BE39D00C78F1B /* Weather.app */ = {isa = PBXFileReference; explicitFileType = wrapper.application; includeInIndex = 0; path = Weather.app; sourceTree = BUILT_PRODUCTS_DIR; };
		FA6552A01F7BE39D00C78F1B /* AppDelegate.swift */ = {isa = PBXFileReference; lastKnownFileType = sourcecode.swift; path = AppDelegate.swift; sourceTree = "<group>"; };
		FA6552A21F7BE39D00C78F1B /* ViewController.swift */ = {isa = PBXFileReference; lastKnownFileType = sourcecode.swift; path = ViewController.swift; sourceTree = "<group>"; };
		FA6552A51F7BE39D00C78F1B /* Base */ = {isa = PBXFileReference; lastKnownFileType = file.storyboard; name = Base; path = Base.lproj/Main.storyboard; sourceTree = "<group>"; };
		FA6552A71F7BE39D00C78F1B /* Assets.xcassets */ = {isa = PBXFileReference; lastKnownFileType = folder.assetcatalog; path = Assets.xcassets; sourceTree = "<group>"; };
		FA6552AA1F7BE39D00C78F1B /* Base */ = {isa = PBXFileReference; lastKnownFileType = file.storyboard; name = Base; path = Base.lproj/LaunchScreen.storyboard; sourceTree = "<group>"; };
		FA6552AC1F7BE39D00C78F1B /* Info.plist */ = {isa = PBXFileReference; lastKnownFileType = text.plist.xml; path = Info.plist; sourceTree = "<group>"; };
		FA6552B31F7BE5AD00C78F1B /* CityViewModel.swift */ = {isa = PBXFileReference; lastKnownFileType = sourcecode.swift; path = CityViewModel.swift; sourceTree = "<group>"; };
		FA6552B61F7BED1200C78F1B /* Constant.swift */ = {isa = PBXFileReference; lastKnownFileType = sourcecode.swift; path = Constant.swift; sourceTree = "<group>"; };
		FA6DBDA81F7C1CED007FAD19 /* RestApiBase.swift */ = {isa = PBXFileReference; lastKnownFileType = sourcecode.swift; path = RestApiBase.swift; sourceTree = "<group>"; };
		FA6DBDAA1F7C1CFC007FAD19 /* OpenWeatherApiCommunication.swift */ = {isa = PBXFileReference; lastKnownFileType = sourcecode.swift; path = OpenWeatherApiCommunication.swift; sourceTree = "<group>"; };
/* End PBXFileReference section */

/* Begin PBXFrameworksBuildPhase section */
		FA65529A1F7BE39D00C78F1B /* Frameworks */ = {
			isa = PBXFrameworksBuildPhase;
			buildActionMask = 2147483647;
			files = (
				574C67F5C5636D0AB2D87DC6 /* Pods_Weather.framework in Frameworks */,
			);
			runOnlyForDeploymentPostprocessing = 0;
		};
/* End PBXFrameworksBuildPhase section */

/* Begin PBXGroup section */
		355D3FF103A5ACA273805443 /* Frameworks */ = {
			isa = PBXGroup;
			children = (
				1E6C70AB867679606302430F /* Pods_Weather.framework */,
			);
			name = Frameworks;
			sourceTree = "<group>";
		};
		C1E6EEE26F622A08AA2AA4CD /* Pods */ = {
			isa = PBXGroup;
			children = (
				E3A22C3F315582B8240E483F /* Pods-Weather.debug.xcconfig */,
				E478F74BD2CDFA611B753416 /* Pods-Weather.release.xcconfig */,
			);
			name = Pods;
			sourceTree = "<group>";
		};
		FA18788C1F8223CE009876B5 /* Controllers */ = {
			isa = PBXGroup;
			children = (
				FA6552A21F7BE39D00C78F1B /* ViewController.swift */,
			);
			path = Controllers;
			sourceTree = "<group>";
		};
		FA1878951F822A10009876B5 /* Utils */ = {
			isa = PBXGroup;
			children = (
				FA1878961F822BCB009876B5 /* Converter.swift */,
			);
			path = Utils;
			sourceTree = "<group>";
		};
		FA6552941F7BE39D00C78F1B = {
			isa = PBXGroup;
			children = (
				FA65529F1F7BE39D00C78F1B /* Weather */,
				FA65529E1F7BE39D00C78F1B /* Products */,
				C1E6EEE26F622A08AA2AA4CD /* Pods */,
				355D3FF103A5ACA273805443 /* Frameworks */,
			);
			sourceTree = "<group>";
		};
		FA65529E1F7BE39D00C78F1B /* Products */ = {
			isa = PBXGroup;
			children = (
				FA65529D1F7BE39D00C78F1B /* Weather.app */,
			);
			name = Products;
			sourceTree = "<group>";
		};
		FA65529F1F7BE39D00C78F1B /* Weather */ = {
			isa = PBXGroup;
			children = (
				FA1878951F822A10009876B5 /* Utils */,
				FA18788C1F8223CE009876B5 /* Controllers */,
				FA6DBDAC1F7C1FB2007FAD19 /* Models */,
				FA6DBDA71F7C1CD6007FAD19 /* Network */,
				FA6552B51F7BECDE00C78F1B /* Constant */,
				FA6552B21F7BE59C00C78F1B /* ViewModels */,
				FA6552A01F7BE39D00C78F1B /* AppDelegate.swift */,
				FA6552A41F7BE39D00C78F1B /* Main.storyboard */,
				FA6552A71F7BE39D00C78F1B /* Assets.xcassets */,
				FA6552A91F7BE39D00C78F1B /* LaunchScreen.storyboard */,
				FA6552AC1F7BE39D00C78F1B /* Info.plist */,
			);
			path = Weather;
			sourceTree = "<group>";
		};
		FA6552B21F7BE59C00C78F1B /* ViewModels */ = {
			isa = PBXGroup;
			children = (
				FA6552B31F7BE5AD00C78F1B /* CityViewModel.swift */,
			);
			path = ViewModels;
			sourceTree = "<group>";
		};
		FA6552B51F7BECDE00C78F1B /* Constant */ = {
			isa = PBXGroup;
			children = (
			);
			path = Constant;
			sourceTree = "<group>";
		};
		FA6DBDA71F7C1CD6007FAD19 /* Network */ = {
			isa = PBXGroup;
			children = (
				FA6DBDA81F7C1CED007FAD19 /* RestApiBase.swift */,
				FA6552B61F7BED1200C78F1B /* Constant.swift */,
				FA6DBDAA1F7C1CFC007FAD19 /* OpenWeatherApiCommunication.swift */,
			);
			path = Network;
			sourceTree = "<group>";
		};
		FA6DBDAC1F7C1FB2007FAD19 /* Models */ = {
			isa = PBXGroup;
			children = (
				FA18788D1F822518009876B5 /* APIResponseCoordinatesValue.swift */,
				FA18788F1F8225EC009876B5 /* APIResponseWeatherValue.swift */,
				FA1878911F822778009876B5 /* APIResponseWeather.swift */,
				FA1878931F8227D8009876B5 /* APIResponseWeatherInfosValue.swift */,
				FA0415401F838F850066211F /* APIResponseWindInfosValue.swift */,
				FA0415421F8390220066211F /* APIResponseCloudsInfoValue.swift */,
				FA0415441F8391CF0066211F /* APIResponseSystemInfoValue.swift */,
				FA0415461F8394FD0066211F /* APIResponseSnowInfosValue.swift */,
				FA0415481F83951A0066211F /* APIResponseRainInfosValue.swift */,
			);
			path = Models;
			sourceTree = "<group>";
		};
/* End PBXGroup section */

/* Begin PBXNativeTarget section */
		FA65529C1F7BE39D00C78F1B /* Weather */ = {
			isa = PBXNativeTarget;
			buildConfigurationList = FA6552AF1F7BE39D00C78F1B /* Build configuration list for PBXNativeTarget "Weather" */;
			buildPhases = (
				3116E2D9EEC5D573A9FD2532 /* [CP] Check Pods Manifest.lock */,
				FA6552991F7BE39D00C78F1B /* Sources */,
				FA65529A1F7BE39D00C78F1B /* Frameworks */,
				FA65529B1F7BE39D00C78F1B /* Resources */,
				CF35E1B1729FF191C4B653FB /* [CP] Embed Pods Frameworks */,
				820A35C60E9716C84B2C85D0 /* [CP] Copy Pods Resources */,
			);
			buildRules = (
			);
			dependencies = (
			);
			name = Weather;
			productName = Weather;
			productReference = FA65529D1F7BE39D00C78F1B /* Weather.app */;
			productType = "com.apple.product-type.application";
		};
/* End PBXNativeTarget section */

/* Begin PBXProject section */
		FA6552951F7BE39D00C78F1B /* Project object */ = {
			isa = PBXProject;
			attributes = {
				LastSwiftUpdateCheck = 0900;
				LastUpgradeCheck = 0900;
				ORGANIZATIONNAME = "Odet Alexandre";
				TargetAttributes = {
					FA65529C1F7BE39D00C78F1B = {
						CreatedOnToolsVersion = 9.0;
						ProvisioningStyle = Automatic;
					};
				};
			};
			buildConfigurationList = FA6552981F7BE39D00C78F1B /* Build configuration list for PBXProject "Weather" */;
			compatibilityVersion = "Xcode 8.0";
			developmentRegion = en;
			hasScannedForEncodings = 0;
			knownRegions = (
				en,
				Base,
			);
			mainGroup = FA6552941F7BE39D00C78F1B;
			productRefGroup = FA65529E1F7BE39D00C78F1B /* Products */;
			projectDirPath = "";
			projectRoot = "";
			targets = (
				FA65529C1F7BE39D00C78F1B /* Weather */,
			);
		};
/* End PBXProject section */

/* Begin PBXResourcesBuildPhase section */
		FA65529B1F7BE39D00C78F1B /* Resources */ = {
			isa = PBXResourcesBuildPhase;
			buildActionMask = 2147483647;
			files = (
				FA6552AB1F7BE39D00C78F1B /* LaunchScreen.storyboard in Resources */,
				FA6552A81F7BE39D00C78F1B /* Assets.xcassets in Resources */,
				FA6552A61F7BE39D00C78F1B /* Main.storyboard in Resources */,
			);
			runOnlyForDeploymentPostprocessing = 0;
		};
/* End PBXResourcesBuildPhase section */

/* Begin PBXShellScriptBuildPhase section */
		3116E2D9EEC5D573A9FD2532 /* [CP] Check Pods Manifest.lock */ = {
			isa = PBXShellScriptBuildPhase;
			buildActionMask = 2147483647;
			files = (
			);
			inputPaths = (
			);
			name = "[CP] Check Pods Manifest.lock";
			outputPaths = (
			);
			runOnlyForDeploymentPostprocessing = 0;
			shellPath = /bin/sh;
			shellScript = "diff \"${PODS_ROOT}/../Podfile.lock\" \"${PODS_ROOT}/Manifest.lock\" > /dev/null\nif [ $? != 0 ] ; then\n    # print error to STDERR\n    echo \"error: The sandbox is not in sync with the Podfile.lock. Run 'pod install' or update your CocoaPods installation.\" >&2\n    exit 1\nfi\n";
			showEnvVarsInLog = 0;
		};
		820A35C60E9716C84B2C85D0 /* [CP] Copy Pods Resources */ = {
			isa = PBXShellScriptBuildPhase;
			buildActionMask = 2147483647;
			files = (
			);
			inputPaths = (
			);
			name = "[CP] Copy Pods Resources";
			outputPaths = (
			);
			runOnlyForDeploymentPostprocessing = 0;
			shellPath = /bin/sh;
			shellScript = "\"${SRCROOT}/Pods/Target Support Files/Pods-Weather/Pods-Weather-resources.sh\"\n";
			showEnvVarsInLog = 0;
		};
		CF35E1B1729FF191C4B653FB /* [CP] Embed Pods Frameworks */ = {
			isa = PBXShellScriptBuildPhase;
			buildActionMask = 2147483647;
			files = (
			);
			inputPaths = (
			);
			name = "[CP] Embed Pods Frameworks";
			outputPaths = (
			);
			runOnlyForDeploymentPostprocessing = 0;
			shellPath = /bin/sh;
			shellScript = "\"${SRCROOT}/Pods/Target Support Files/Pods-Weather/Pods-Weather-frameworks.sh\"\n";
			showEnvVarsInLog = 0;
		};
/* End PBXShellScriptBuildPhase section */

/* Begin PBXSourcesBuildPhase section */
		FA6552991F7BE39D00C78F1B /* Sources */ = {
			isa = PBXSourcesBuildPhase;
			buildActionMask = 2147483647;
			files = (
				FA0415451F8391CF0066211F /* APIResponseSystemInfoValue.swift in Sources */,
				FA6552A31F7BE39D00C78F1B /* ViewController.swift in Sources */,
				FA1878971F822BCB009876B5 /* Converter.swift in Sources */,
				FA1878921F822778009876B5 /* APIResponseWeather.swift in Sources */,
				FA1878941F8227D8009876B5 /* APIResponseWeatherInfosValue.swift in Sources */,
				FA18788E1F822518009876B5 /* APIResponseCoordinatesValue.swift in Sources */,
				FA6DBDA91F7C1CED007FAD19 /* RestApiBase.swift in Sources */,
				FA6DBDAB1F7C1CFC007FAD19 /* OpenWeatherApiCommunication.swift in Sources */,
				FA0415471F8394FD0066211F /* APIResponseSnowInfosValue.swift in Sources */,
				FA0415491F83951A0066211F /* APIResponseRainInfosValue.swift in Sources */,
				FA1878901F8225EC009876B5 /* APIResponseWeatherValue.swift in Sources */,
				FA0415431F8390220066211F /* APIResponseCloudsInfoValue.swift in Sources */,
				FA6552B41F7BE5AD00C78F1B /* CityViewModel.swift in Sources */,
				FA0415411F838F850066211F /* APIResponseWindInfosValue.swift in Sources */,
				FA6552A11F7BE39D00C78F1B /* AppDelegate.swift in Sources */,
				FA6552B71F7BED1200C78F1B /* Constant.swift in Sources */,
			);
			runOnlyForDeploymentPostprocessing = 0;
		};
/* End PBXSourcesBuildPhase section */

/* Begin PBXVariantGroup section */
		FA6552A41F7BE39D00C78F1B /* Main.storyboard */ = {
			isa = PBXVariantGroup;
			children = (
				FA6552A51F7BE39D00C78F1B /* Base */,
			);
			name = Main.storyboard;
			sourceTree = "<group>";
		};
		FA6552A91F7BE39D00C78F1B /* LaunchScreen.storyboard */ = {
			isa = PBXVariantGroup;
			children = (
				FA6552AA1F7BE39D00C78F1B /* Base */,
			);
			name = LaunchScreen.storyboard;
			sourceTree = "<group>";
		};
/* End PBXVariantGroup section */

/* Begin XCBuildConfiguration section */
		FA6552AD1F7BE39D00C78F1B /* Debug */ = {
			isa = XCBuildConfiguration;
			buildSettings = {
				ALWAYS_SEARCH_USER_PATHS = NO;
				CLANG_ANALYZER_NONNULL = YES;
				CLANG_ANALYZER_NUMBER_OBJECT_CONVERSION = YES_AGGRESSIVE;
				CLANG_CXX_LANGUAGE_STANDARD = "gnu++14";
				CLANG_CXX_LIBRARY = "libc++";
				CLANG_ENABLE_MODULES = YES;
				CLANG_ENABLE_OBJC_ARC = YES;
				CLANG_WARN_BLOCK_CAPTURE_AUTORELEASING = YES;
				CLANG_WARN_BOOL_CONVERSION = YES;
				CLANG_WARN_COMMA = YES;
				CLANG_WARN_CONSTANT_CONVERSION = YES;
				CLANG_WARN_DIRECT_OBJC_ISA_USAGE = YES_ERROR;
				CLANG_WARN_DOCUMENTATION_COMMENTS = YES;
				CLANG_WARN_EMPTY_BODY = YES;
				CLANG_WARN_ENUM_CONVERSION = YES;
				CLANG_WARN_INFINITE_RECURSION = YES;
				CLANG_WARN_INT_CONVERSION = YES;
				CLANG_WARN_NON_LITERAL_NULL_CONVERSION = YES;
				CLANG_WARN_OBJC_LITERAL_CONVERSION = YES;
				CLANG_WARN_OBJC_ROOT_CLASS = YES_ERROR;
				CLANG_WARN_RANGE_LOOP_ANALYSIS = YES;
				CLANG_WARN_STRICT_PROTOTYPES = YES;
				CLANG_WARN_SUSPICIOUS_MOVE = YES;
				CLANG_WARN_UNGUARDED_AVAILABILITY = YES_AGGRESSIVE;
				CLANG_WARN_UNREACHABLE_CODE = YES;
				CLANG_WARN__DUPLICATE_METHOD_MATCH = YES;
				CODE_SIGN_IDENTITY = "iPhone Developer";
				COPY_PHASE_STRIP = NO;
				DEBUG_INFORMATION_FORMAT = dwarf;
				ENABLE_STRICT_OBJC_MSGSEND = YES;
				ENABLE_TESTABILITY = YES;
				GCC_C_LANGUAGE_STANDARD = gnu11;
				GCC_DYNAMIC_NO_PIC = NO;
				GCC_NO_COMMON_BLOCKS = YES;
				GCC_OPTIMIZATION_LEVEL = 0;
				GCC_PREPROCESSOR_DEFINITIONS = (
					"DEBUG=1",
					"$(inherited)",
				);
				GCC_WARN_64_TO_32_BIT_CONVERSION = YES;
				GCC_WARN_ABOUT_RETURN_TYPE = YES_ERROR;
				GCC_WARN_UNDECLARED_SELECTOR = YES;
				GCC_WARN_UNINITIALIZED_AUTOS = YES_AGGRESSIVE;
				GCC_WARN_UNUSED_FUNCTION = YES;
				GCC_WARN_UNUSED_VARIABLE = YES;
				IPHONEOS_DEPLOYMENT_TARGET = 11.0;
				MTL_ENABLE_DEBUG_INFO = YES;
				ONLY_ACTIVE_ARCH = YES;
				SDKROOT = iphoneos;
				SWIFT_ACTIVE_COMPILATION_CONDITIONS = DEBUG;
				SWIFT_OPTIMIZATION_LEVEL = "-Onone";
			};
			name = Debug;
		};
		FA6552AE1F7BE39D00C78F1B /* Release */ = {
			isa = XCBuildConfiguration;
			buildSettings = {
				ALWAYS_SEARCH_USER_PATHS = NO;
				CLANG_ANALYZER_NONNULL = YES;
				CLANG_ANALYZER_NUMBER_OBJECT_CONVERSION = YES_AGGRESSIVE;
				CLANG_CXX_LANGUAGE_STANDARD = "gnu++14";
				CLANG_CXX_LIBRARY = "libc++";
				CLANG_ENABLE_MODULES = YES;
				CLANG_ENABLE_OBJC_ARC = YES;
				CLANG_WARN_BLOCK_CAPTURE_AUTORELEASING = YES;
				CLANG_WARN_BOOL_CONVERSION = YES;
				CLANG_WARN_COMMA = YES;
				CLANG_WARN_CONSTANT_CONVERSION = YES;
				CLANG_WARN_DIRECT_OBJC_ISA_USAGE = YES_ERROR;
				CLANG_WARN_DOCUMENTATION_COMMENTS = YES;
				CLANG_WARN_EMPTY_BODY = YES;
				CLANG_WARN_ENUM_CONVERSION = YES;
				CLANG_WARN_INFINITE_RECURSION = YES;
				CLANG_WARN_INT_CONVERSION = YES;
				CLANG_WARN_NON_LITERAL_NULL_CONVERSION = YES;
				CLANG_WARN_OBJC_LITERAL_CONVERSION = YES;
				CLANG_WARN_OBJC_ROOT_CLASS = YES_ERROR;
				CLANG_WARN_RANGE_LOOP_ANALYSIS = YES;
				CLANG_WARN_STRICT_PROTOTYPES = YES;
				CLANG_WARN_SUSPICIOUS_MOVE = YES;
				CLANG_WARN_UNGUARDED_AVAILABILITY = YES_AGGRESSIVE;
				CLANG_WARN_UNREACHABLE_CODE = YES;
				CLANG_WARN__DUPLICATE_METHOD_MATCH = YES;
				CODE_SIGN_IDENTITY = "iPhone Developer";
				COPY_PHASE_STRIP = NO;
				DEBUG_INFORMATION_FORMAT = "dwarf-with-dsym";
				ENABLE_NS_ASSERTIONS = NO;
				ENABLE_STRICT_OBJC_MSGSEND = YES;
				GCC_C_LANGUAGE_STANDARD = gnu11;
				GCC_NO_COMMON_BLOCKS = YES;
				GCC_WARN_64_TO_32_BIT_CONVERSION = YES;
				GCC_WARN_ABOUT_RETURN_TYPE = YES_ERROR;
				GCC_WARN_UNDECLARED_SELECTOR = YES;
				GCC_WARN_UNINITIALIZED_AUTOS = YES_AGGRESSIVE;
				GCC_WARN_UNUSED_FUNCTION = YES;
				GCC_WARN_UNUSED_VARIABLE = YES;
				IPHONEOS_DEPLOYMENT_TARGET = 11.0;
				MTL_ENABLE_DEBUG_INFO = NO;
				SDKROOT = iphoneos;
				SWIFT_OPTIMIZATION_LEVEL = "-Owholemodule";
				VALIDATE_PRODUCT = YES;
			};
			name = Release;
		};
		FA6552B01F7BE39D00C78F1B /* Debug */ = {
			isa = XCBuildConfiguration;
			baseConfigurationReference = E3A22C3F315582B8240E483F /* Pods-Weather.debug.xcconfig */;
			buildSettings = {
				ASSETCATALOG_COMPILER_APPICON_NAME = AppIcon;
				CODE_SIGN_STYLE = Automatic;
				DEVELOPMENT_TEAM = 245FL8M245;
				INFOPLIST_FILE = Weather/Info.plist;
				LD_RUNPATH_SEARCH_PATHS = "$(inherited) @executable_path/Frameworks";
				PRODUCT_BUNDLE_IDENTIFIER = AlexandreOdet.Weather;
				PRODUCT_NAME = "$(TARGET_NAME)";
				SWIFT_VERSION = 4.0;
				TARGETED_DEVICE_FAMILY = "1,2";
			};
			name = Debug;
		};
		FA6552B11F7BE39D00C78F1B /* Release */ = {
			isa = XCBuildConfiguration;
			baseConfigurationReference = E478F74BD2CDFA611B753416 /* Pods-Weather.release.xcconfig */;
			buildSettings = {
				ASSETCATALOG_COMPILER_APPICON_NAME = AppIcon;
				CODE_SIGN_STYLE = Automatic;
				DEVELOPMENT_TEAM = 245FL8M245;
				INFOPLIST_FILE = Weather/Info.plist;
				LD_RUNPATH_SEARCH_PATHS = "$(inherited) @executable_path/Frameworks";
				PRODUCT_BUNDLE_IDENTIFIER = AlexandreOdet.Weather;
				PRODUCT_NAME = "$(TARGET_NAME)";
				SWIFT_VERSION = 4.0;
				TARGETED_DEVICE_FAMILY = "1,2";
			};
			name = Release;
		};
/* End XCBuildConfiguration section */

/* Begin XCConfigurationList section */
		FA6552981F7BE39D00C78F1B /* Build configuration list for PBXProject "Weather" */ = {
			isa = XCConfigurationList;
			buildConfigurations = (
				FA6552AD1F7BE39D00C78F1B /* Debug */,
				FA6552AE1F7BE39D00C78F1B /* Release */,
			);
			defaultConfigurationIsVisible = 0;
			defaultConfigurationName = Release;
		};
		FA6552AF1F7BE39D00C78F1B /* Build configuration list for PBXNativeTarget "Weather" */ = {
			isa = XCConfigurationList;
			buildConfigurations = (
				FA6552B01F7BE39D00C78F1B /* Debug */,
				FA6552B11F7BE39D00C78F1B /* Release */,
			);
			defaultConfigurationIsVisible = 0;
			defaultConfigurationName = Release;
		};
/* End XCConfigurationList section */
	};
	rootObject = FA6552951F7BE39D00C78F1B /* Project object */;
}
